
Microsoft Visual Studio Solution File, Format Version 12.00
# Visual Studio 2013
Project("{FAE04EC0-301F-11D3-BF4B-00C04F79EFBC}") = "demo.CSharp", "demo.CSharp.csproj", "{96A2ED99-FA35-2A5E-28AA-D0F4A1395B0E}"
EndProject
Global
	GlobalSection(SolutionConfigurationPlatforms) = preSolution
		Debug|Any CPU = Debug|Any CPU
		Release|Any CPU = Release|Any CPU
	EndGlobalSection
	GlobalSection(ProjectConfigurationPlatforms) = postSolution
		{96A2ED99-FA35-2A5E-28AA-D0F4A1395B0E}.Debug|Any CPU.ActiveCfg = Debug|Any CPU
		{96A2ED99-FA35-2A5E-28AA-D0F4A1395B0E}.Debug|Any CPU.Build.0 = Debug|Any CPU
		{96A2ED99-FA35-2A5E-28AA-D0F4A1395B0E}.Release|Any CPU.ActiveCfg = Release|Any CPU
		{96A2ED99-FA35-2A5E-28AA-D0F4A1395B0E}.Release|Any CPU.Build.0 = Release|Any CPU
	EndGlobalSection
	GlobalSection(SolutionProperties) = preSolution
		HideSolutionNode = FALSE
	EndGlobalSection
EndGlobal
